
Microsoft Visual Studio Solution File, Format Version 12.00
# Visual Studio Version 17
VisualStudioVersion = 17.7.34202.233
MinimumVisualStudioVersion = 10.0.40219.1
Project("{9A19103F-16F7-4668-BE54-9A1E7A4F7556}") = "Pou Pass Man", "Pou Pass Man\Pou Pass Man.csproj", "{77E2D17A-6553-4E96-985C-A4A94E6F8773}"
EndProject
Global
	GlobalSection(SolutionConfigurationPlatforms) = preSolution
		Debug|Any CPU = Debug|Any CPU
		Release|Any CPU = Release|Any CPU
	EndGlobalSection
	GlobalSection(ProjectConfigurationPlatforms) = postSolution
		{77E2D17A-6553-4E96-985C-A4A94E6F8773}.Debug|Any CPU.ActiveCfg = Debug|Any CPU
		{77E2D17A-6553-4E96-985C-A4A94E6F8773}.Debug|Any CPU.Build.0 = Debug|Any CPU
		{77E2D17A-6553-4E96-985C-A4A94E6F8773}.Release|Any CPU.ActiveCfg = Release|Any CPU
		{77E2D17A-6553-4E96-985C-A4A94E6F8773}.Release|Any CPU.Build.0 = Release|Any CPU
	EndGlobalSection
	GlobalSection(SolutionProperties) = preSolution
		HideSolutionNode = FALSE
	EndGlobalSection
	GlobalSection(ExtensibilityGlobals) = postSolution
		SolutionGuid = {7B15F272-7183-457D-B954-EA1AC3D67618}
	EndGlobalSection
EndGlobal
